
Microsoft Visual Studio Solution File, Format Version 12.00
Project("{FAE04EC0-301F-11D3-BF4B-00C04F79EFBC}") = "Snake", "Snake\Snake.csproj", "{D07FC486-4A6F-4492-9E1E-DF58D0BCF221}"
EndProject
Global
	GlobalSection(SolutionConfigurationPlatforms) = preSolution
		Debug|Any CPU = Debug|Any CPU
		Release|Any CPU = Release|Any CPU
	EndGlobalSection
	GlobalSection(ProjectConfigurationPlatforms) = postSolution
		{D07FC486-4A6F-4492-9E1E-DF58D0BCF221}.Debug|Any CPU.ActiveCfg = Debug|Any CPU
		{D07FC486-4A6F-4492-9E1E-DF58D0BCF221}.Debug|Any CPU.Build.0 = Debug|Any CPU
		{D07FC486-4A6F-4492-9E1E-DF58D0BCF221}.Release|Any CPU.ActiveCfg = Release|Any CPU
		{D07FC486-4A6F-4492-9E1E-DF58D0BCF221}.Release|Any CPU.Build.0 = Release|Any CPU
	EndGlobalSection
EndGlobal
